
Microsoft Visual Studio Solution File, Format Version 12.00
# Visual Studio Version 16
VisualStudioVersion = 16.0.29920.165
MinimumVisualStudioVersion = 10.0.40219.1
Project("{FAE04EC0-301F-11D3-BF4B-00C04F79EFBC}") = "Klasy", "Klasy\Klasy.csproj", "{2F10E5B3-47CD-4A12-9409-756EDC387776}"
EndProject
Project("{FAE04EC0-301F-11D3-BF4B-00C04F79EFBC}") = "Dziedziczenie", "Dziedziczenie\Dziedziczenie.csproj", "{ED7FA820-CD25-48DE-87BB-323F58396CD9}"
EndProject
Global
	GlobalSection(SolutionConfigurationPlatforms) = preSolution
		Debug|Any CPU = Debug|Any CPU
		Release|Any CPU = Release|Any CPU
	EndGlobalSection
	GlobalSection(ProjectConfigurationPlatforms) = postSolution
		{2F10E5B3-47CD-4A12-9409-756EDC387776}.Debug|Any CPU.ActiveCfg = Debug|Any CPU
		{2F10E5B3-47CD-4A12-9409-756EDC387776}.Debug|Any CPU.Build.0 = Debug|Any CPU
		{2F10E5B3-47CD-4A12-9409-756EDC387776}.Release|Any CPU.ActiveCfg = Release|Any CPU
		{2F10E5B3-47CD-4A12-9409-756EDC387776}.Release|Any CPU.Build.0 = Release|Any CPU
		{ED7FA820-CD25-48DE-87BB-323F58396CD9}.Debug|Any CPU.ActiveCfg = Debug|Any CPU
		{ED7FA820-CD25-48DE-87BB-323F58396CD9}.Debug|Any CPU.Build.0 = Debug|Any CPU
		{ED7FA820-CD25-48DE-87BB-323F58396CD9}.Release|Any CPU.ActiveCfg = Release|Any CPU
		{ED7FA820-CD25-48DE-87BB-323F58396CD9}.Release|Any CPU.Build.0 = Release|Any CPU
	EndGlobalSection
	GlobalSection(SolutionProperties) = preSolution
		HideSolutionNode = FALSE
	EndGlobalSection
	GlobalSection(ExtensibilityGlobals) = postSolution
		SolutionGuid = {2833BC32-38A4-42F9-BCAE-43FBEB400698}
	EndGlobalSection
EndGlobal
